
Microsoft Visual Studio Solution File, Format Version 12.00
# Visual Studio 15
VisualStudioVersion = 15.0.26430.12
MinimumVisualStudioVersion = 10.0.40219.1
Project("{8BC9CEB8-8B4A-11D0-8D11-00A0C91BC942}") = "MMDFileParserForCpp", "MMDFileParserForCpp\MMDFileParserForCpp.vcxproj", "{4BADCB8A-7F28-4F48-81EA-11DEF3FB9C9A}"
EndProject
Project("{8BC9CEB8-8B4A-11D0-8D11-00A0C91BC942}") = "GTest1", "GTest1\GTest1.vcxproj", "{8C8D9D0D-482B-4046-9626-B4D67B5A1C5B}"
EndProject
Global
	GlobalSection(SolutionConfigurationPlatforms) = preSolution
		DebugMD|x64 = DebugMD|x64
		DebugMD|x86 = DebugMD|x86
		DebugMT|x64 = DebugMT|x64
		DebugMT|x86 = DebugMT|x86
		ReleaseMD|x64 = ReleaseMD|x64
		ReleaseMD|x86 = ReleaseMD|x86
		ReleaseMT|x64 = ReleaseMT|x64
		ReleaseMT|x86 = ReleaseMT|x86
	EndGlobalSection
	GlobalSection(ProjectConfigurationPlatforms) = postSolution
		{4BADCB8A-7F28-4F48-81EA-11DEF3FB9C9A}.DebugMD|x64.ActiveCfg = DebugMD|x64
		{4BADCB8A-7F28-4F48-81EA-11DEF3FB9C9A}.DebugMD|x64.Build.0 = DebugMD|x64
		{4BADCB8A-7F28-4F48-81EA-11DEF3FB9C9A}.DebugMD|x86.ActiveCfg = DebugMD|Win32
		{4BADCB8A-7F28-4F48-81EA-11DEF3FB9C9A}.DebugMD|x86.Build.0 = DebugMD|Win32
		{4BADCB8A-7F28-4F48-81EA-11DEF3FB9C9A}.DebugMT|x64.ActiveCfg = Debug|x64
		{4BADCB8A-7F28-4F48-81EA-11DEF3FB9C9A}.DebugMT|x64.Build.0 = Debug|x64
		{4BADCB8A-7F28-4F48-81EA-11DEF3FB9C9A}.DebugMT|x86.ActiveCfg = Debug|Win32
		{4BADCB8A-7F28-4F48-81EA-11DEF3FB9C9A}.DebugMT|x86.Build.0 = Debug|Win32
		{4BADCB8A-7F28-4F48-81EA-11DEF3FB9C9A}.ReleaseMD|x64.ActiveCfg = ReleaseMD|x64
		{4BADCB8A-7F28-4F48-81EA-11DEF3FB9C9A}.ReleaseMD|x64.Build.0 = ReleaseMD|x64
		{4BADCB8A-7F28-4F48-81EA-11DEF3FB9C9A}.ReleaseMD|x86.ActiveCfg = ReleaseMD|Win32
		{4BADCB8A-7F28-4F48-81EA-11DEF3FB9C9A}.ReleaseMD|x86.Build.0 = ReleaseMD|Win32
		{4BADCB8A-7F28-4F48-81EA-11DEF3FB9C9A}.ReleaseMT|x64.ActiveCfg = Release|x64
		{4BADCB8A-7F28-4F48-81EA-11DEF3FB9C9A}.ReleaseMT|x64.Build.0 = Release|x64
		{4BADCB8A-7F28-4F48-81EA-11DEF3FB9C9A}.ReleaseMT|x86.ActiveCfg = Release|Win32
		{4BADCB8A-7F28-4F48-81EA-11DEF3FB9C9A}.ReleaseMT|x86.Build.0 = Release|Win32
		{8C8D9D0D-482B-4046-9626-B4D67B5A1C5B}.DebugMD|x64.ActiveCfg = DebugMD|x64
		{8C8D9D0D-482B-4046-9626-B4D67B5A1C5B}.DebugMD|x64.Build.0 = DebugMD|x64
		{8C8D9D0D-482B-4046-9626-B4D67B5A1C5B}.DebugMD|x86.ActiveCfg = DebugMD|Win32
		{8C8D9D0D-482B-4046-9626-B4D67B5A1C5B}.DebugMD|x86.Build.0 = DebugMD|Win32
		{8C8D9D0D-482B-4046-9626-B4D67B5A1C5B}.DebugMT|x64.ActiveCfg = Debug|x64
		{8C8D9D0D-482B-4046-9626-B4D67B5A1C5B}.DebugMT|x64.Build.0 = Debug|x64
		{8C8D9D0D-482B-4046-9626-B4D67B5A1C5B}.DebugMT|x86.ActiveCfg = Debug|Win32
		{8C8D9D0D-482B-4046-9626-B4D67B5A1C5B}.DebugMT|x86.Build.0 = Debug|Win32
		{8C8D9D0D-482B-4046-9626-B4D67B5A1C5B}.ReleaseMD|x64.ActiveCfg = ReleaseMD|x64
		{8C8D9D0D-482B-4046-9626-B4D67B5A1C5B}.ReleaseMD|x64.Build.0 = ReleaseMD|x64
		{8C8D9D0D-482B-4046-9626-B4D67B5A1C5B}.ReleaseMD|x86.ActiveCfg = ReleaseMD|Win32
		{8C8D9D0D-482B-4046-9626-B4D67B5A1C5B}.ReleaseMD|x86.Build.0 = ReleaseMD|Win32
		{8C8D9D0D-482B-4046-9626-B4D67B5A1C5B}.ReleaseMT|x64.ActiveCfg = Release|x64
		{8C8D9D0D-482B-4046-9626-B4D67B5A1C5B}.ReleaseMT|x64.Build.0 = Release|x64
		{8C8D9D0D-482B-4046-9626-B4D67B5A1C5B}.ReleaseMT|x86.ActiveCfg = Release|Win32
		{8C8D9D0D-482B-4046-9626-B4D67B5A1C5B}.ReleaseMT|x86.Build.0 = Release|Win32
	EndGlobalSection
	GlobalSection(SolutionProperties) = preSolution
		HideSolutionNode = FALSE
	EndGlobalSection
EndGlobal
